
Microsoft Visual Studio Solution File, Format Version 12.00
# Visual Studio Version 16
VisualStudioVersion = 16.0.32002.261
MinimumVisualStudioVersion = 10.0.40219.1
Project("{FAE04EC0-301F-11D3-BF4B-00C04F79EFBC}") = "WebApplication1", "WebApplication1\WebApplication1.csproj", "{608AB130-CBCA-4947-A78A-A53A00CA726E}"
EndProject
Global
	GlobalSection(SolutionConfigurationPlatforms) = preSolution
		Debug|Any CPU = Debug|Any CPU
		Release|Any CPU = Release|Any CPU
	EndGlobalSection
	GlobalSection(ProjectConfigurationPlatforms) = postSolution
		{608AB130-CBCA-4947-A78A-A53A00CA726E}.Debug|Any CPU.ActiveCfg = Debug|Any CPU
		{608AB130-CBCA-4947-A78A-A53A00CA726E}.Debug|Any CPU.Build.0 = Debug|Any CPU
		{608AB130-CBCA-4947-A78A-A53A00CA726E}.Release|Any CPU.ActiveCfg = Release|Any CPU
		{608AB130-CBCA-4947-A78A-A53A00CA726E}.Release|Any CPU.Build.0 = Release|Any CPU
	EndGlobalSection
	GlobalSection(SolutionProperties) = preSolution
		HideSolutionNode = FALSE
	EndGlobalSection
	GlobalSection(ExtensibilityGlobals) = postSolution
		SolutionGuid = {78EB1B45-EC75-45CA-B152-B440A7625749}
	EndGlobalSection
EndGlobal
